kind: tool
id: sherlock
name: Sherlock
description: Hunt usernames across 400+ social networks.
category: osint
tags:
- osint
- usernames
- social
source_repo: sherlock-project/sherlock
install: pip install sherlock-project
capabilities:
- Search 400+ social networks
- Fast concurrent checking
- CSV/JSON output
- Tor proxy support
integration_pattern: cli
